
Microsoft Visual Studio Solution File, Format Version 12.00
# Visual Studio Version 16
VisualStudioVersion = 16.0.30804.86
MinimumVisualStudioVersion = 10.0.40219.1
Project("{FAE04EC0-301F-11D3-BF4B-00C04F79EFBC}") = "OversimplifiedTorrent", "OversimplifiedTorrent.csproj", "{9E6CFF26-A311-4A53-8276-13E368B1F934}"
EndProject
Global
	GlobalSection(SolutionConfigurationPlatforms) = preSolution
		Debug|Any CPU = Debug|Any CPU
		Release|Any CPU = Release|Any CPU
	EndGlobalSection
	GlobalSection(ProjectConfigurationPlatforms) = postSolution
		{9E6CFF26-A311-4A53-8276-13E368B1F934}.Debug|Any CPU.ActiveCfg = Debug|Any CPU
		{9E6CFF26-A311-4A53-8276-13E368B1F934}.Debug|Any CPU.Build.0 = Debug|Any CPU
		{9E6CFF26-A311-4A53-8276-13E368B1F934}.Release|Any CPU.ActiveCfg = Release|Any CPU
		{9E6CFF26-A311-4A53-8276-13E368B1F934}.Release|Any CPU.Build.0 = Release|Any CPU
	EndGlobalSection
	GlobalSection(SolutionProperties) = preSolution
		HideSolutionNode = FALSE
	EndGlobalSection
	GlobalSection(ExtensibilityGlobals) = postSolution
		SolutionGuid = {37B9DE21-EAFD-438C-959B-D4649A705FEC}
	EndGlobalSection
EndGlobal
